
Microsoft Visual Studio Solution File, Format Version 12.00
# Visual Studio Version 16
VisualStudioVersion = 16.0.29911.84
MinimumVisualStudioVersion = 10.0.40219.1
Project("{FAE04EC0-301F-11D3-BF4B-00C04F79EFBC}") = "Fields", "Fields.csproj", "{6DCC65B3-4B69-4AF3-B230-D973E736A767}"
EndProject
Global
	GlobalSection(SolutionConfigurationPlatforms) = preSolution
		Debug|Any CPU = Debug|Any CPU
		Release|Any CPU = Release|Any CPU
	EndGlobalSection
	GlobalSection(ProjectConfigurationPlatforms) = postSolution
		{6DCC65B3-4B69-4AF3-B230-D973E736A767}.Debug|Any CPU.ActiveCfg = Debug|Any CPU
		{6DCC65B3-4B69-4AF3-B230-D973E736A767}.Debug|Any CPU.Build.0 = Debug|Any CPU
		{6DCC65B3-4B69-4AF3-B230-D973E736A767}.Release|Any CPU.ActiveCfg = Release|Any CPU
		{6DCC65B3-4B69-4AF3-B230-D973E736A767}.Release|Any CPU.Build.0 = Release|Any CPU
	EndGlobalSection
	GlobalSection(SolutionProperties) = preSolution
		HideSolutionNode = FALSE
	EndGlobalSection
	GlobalSection(ExtensibilityGlobals) = postSolution
		SolutionGuid = {1CEDB031-8D57-49EE-95A8-9497779329E5}
	EndGlobalSection
EndGlobal
