
Microsoft Visual Studio Solution File, Format Version 12.00
# Visual Studio Version 16
VisualStudioVersion = 16.0.30114.105
MinimumVisualStudioVersion = 10.0.40219.1
Project("{FAE04EC0-301F-11D3-BF4B-00C04F79EFBC}") = "AccessModifiers2", "AccessModifiers2.csproj", "{8CDB533A-4B15-429A-B94E-F5A0BCCE53F0}"
EndProject
Global
	GlobalSection(SolutionConfigurationPlatforms) = preSolution
		Debug|Any CPU = Debug|Any CPU
		Release|Any CPU = Release|Any CPU
	EndGlobalSection
	GlobalSection(ProjectConfigurationPlatforms) = postSolution
		{8CDB533A-4B15-429A-B94E-F5A0BCCE53F0}.Debug|Any CPU.ActiveCfg = Debug|Any CPU
		{8CDB533A-4B15-429A-B94E-F5A0BCCE53F0}.Debug|Any CPU.Build.0 = Debug|Any CPU
		{8CDB533A-4B15-429A-B94E-F5A0BCCE53F0}.Release|Any CPU.ActiveCfg = Release|Any CPU
		{8CDB533A-4B15-429A-B94E-F5A0BCCE53F0}.Release|Any CPU.Build.0 = Release|Any CPU
	EndGlobalSection
	GlobalSection(SolutionProperties) = preSolution
		HideSolutionNode = FALSE
	EndGlobalSection
	GlobalSection(ExtensibilityGlobals) = postSolution
		SolutionGuid = {75C3C9AB-C74F-48BE-8643-54905669BAD3}
	EndGlobalSection
EndGlobal
