
Microsoft Visual Studio Solution File, Format Version 12.00
# Visual Studio Version 16
VisualStudioVersion = 16.0.29911.84
MinimumVisualStudioVersion = 10.0.40219.1
Project("{FAE04EC0-301F-11D3-BF4B-00C04F79EFBC}") = "DateTime", "DateTime.csproj", "{47158B1C-C9DB-460F-BAB3-6B57E738553B}"
EndProject
Global
	GlobalSection(SolutionConfigurationPlatforms) = preSolution
		Debug|Any CPU = Debug|Any CPU
		Release|Any CPU = Release|Any CPU
	EndGlobalSection
	GlobalSection(ProjectConfigurationPlatforms) = postSolution
		{47158B1C-C9DB-460F-BAB3-6B57E738553B}.Debug|Any CPU.ActiveCfg = Debug|Any CPU
		{47158B1C-C9DB-460F-BAB3-6B57E738553B}.Debug|Any CPU.Build.0 = Debug|Any CPU
		{47158B1C-C9DB-460F-BAB3-6B57E738553B}.Release|Any CPU.ActiveCfg = Release|Any CPU
		{47158B1C-C9DB-460F-BAB3-6B57E738553B}.Release|Any CPU.Build.0 = Release|Any CPU
	EndGlobalSection
	GlobalSection(SolutionProperties) = preSolution
		HideSolutionNode = FALSE
	EndGlobalSection
	GlobalSection(ExtensibilityGlobals) = postSolution
		SolutionGuid = {0B5F36B9-7E0C-4AFB-9B51-070889260FA4}
	EndGlobalSection
EndGlobal
