
Microsoft Visual Studio Solution File, Format Version 12.00
# Visual Studio Version 16
VisualStudioVersion = 16.0.29911.84
MinimumVisualStudioVersion = 10.0.40219.1
Project("{FAE04EC0-301F-11D3-BF4B-00C04F79EFBC}") = "ConsoleApp1", "ConsoleApp1.csproj", "{003F7A56-35E6-4830-9832-8713264CFC36}"
EndProject
Global
	GlobalSection(SolutionConfigurationPlatforms) = preSolution
		Debug|Any CPU = Debug|Any CPU
		Release|Any CPU = Release|Any CPU
	EndGlobalSection
	GlobalSection(ProjectConfigurationPlatforms) = postSolution
		{003F7A56-35E6-4830-9832-8713264CFC36}.Debug|Any CPU.ActiveCfg = Debug|Any CPU
		{003F7A56-35E6-4830-9832-8713264CFC36}.Debug|Any CPU.Build.0 = Debug|Any CPU
		{003F7A56-35E6-4830-9832-8713264CFC36}.Release|Any CPU.ActiveCfg = Release|Any CPU
		{003F7A56-35E6-4830-9832-8713264CFC36}.Release|Any CPU.Build.0 = Release|Any CPU
	EndGlobalSection
	GlobalSection(SolutionProperties) = preSolution
		HideSolutionNode = FALSE
	EndGlobalSection
	GlobalSection(ExtensibilityGlobals) = postSolution
		SolutionGuid = {8E781E17-D5D1-46D9-A1BB-A86A11E647DB}
	EndGlobalSection
EndGlobal
