
Microsoft Visual Studio Solution File, Format Version 12.00
# Visual Studio Version 16
VisualStudioVersion = 16.0.30114.105
MinimumVisualStudioVersion = 10.0.40219.1
Project("{FAE04EC0-301F-11D3-BF4B-00C04F79EFBC}") = "PropertiesGETSET", "PropertiesGETSET.csproj", "{32BC0D23-340D-42C0-847C-5C23FBD8EBA0}"
EndProject
Global
	GlobalSection(SolutionConfigurationPlatforms) = preSolution
		Debug|Any CPU = Debug|Any CPU
		Release|Any CPU = Release|Any CPU
	EndGlobalSection
	GlobalSection(ProjectConfigurationPlatforms) = postSolution
		{32BC0D23-340D-42C0-847C-5C23FBD8EBA0}.Debug|Any CPU.ActiveCfg = Debug|Any CPU
		{32BC0D23-340D-42C0-847C-5C23FBD8EBA0}.Debug|Any CPU.Build.0 = Debug|Any CPU
		{32BC0D23-340D-42C0-847C-5C23FBD8EBA0}.Release|Any CPU.ActiveCfg = Release|Any CPU
		{32BC0D23-340D-42C0-847C-5C23FBD8EBA0}.Release|Any CPU.Build.0 = Release|Any CPU
	EndGlobalSection
	GlobalSection(SolutionProperties) = preSolution
		HideSolutionNode = FALSE
	EndGlobalSection
	GlobalSection(ExtensibilityGlobals) = postSolution
		SolutionGuid = {1A473A45-9F3A-4DCD-914C-FAC68FCF6CA4}
	EndGlobalSection
EndGlobal
