
Microsoft Visual Studio Solution File, Format Version 12.00
# Visual Studio Version 16
VisualStudioVersion = 16.0.29911.84
MinimumVisualStudioVersion = 10.0.40219.1
Project("{FAE04EC0-301F-11D3-BF4B-00C04F79EFBC}") = "Excercises", "Excercises.csproj", "{976DA4F9-54C2-4543-84D7-B22A1BACB068}"
EndProject
Global
	GlobalSection(SolutionConfigurationPlatforms) = preSolution
		Debug|Any CPU = Debug|Any CPU
		Release|Any CPU = Release|Any CPU
	EndGlobalSection
	GlobalSection(ProjectConfigurationPlatforms) = postSolution
		{976DA4F9-54C2-4543-84D7-B22A1BACB068}.Debug|Any CPU.ActiveCfg = Debug|Any CPU
		{976DA4F9-54C2-4543-84D7-B22A1BACB068}.Debug|Any CPU.Build.0 = Debug|Any CPU
		{976DA4F9-54C2-4543-84D7-B22A1BACB068}.Release|Any CPU.ActiveCfg = Release|Any CPU
		{976DA4F9-54C2-4543-84D7-B22A1BACB068}.Release|Any CPU.Build.0 = Release|Any CPU
	EndGlobalSection
	GlobalSection(SolutionProperties) = preSolution
		HideSolutionNode = FALSE
	EndGlobalSection
	GlobalSection(ExtensibilityGlobals) = postSolution
		SolutionGuid = {F8498337-735E-4074-BC62-ED0E05584465}
	EndGlobalSection
EndGlobal
